
Microsoft Visual Studio Solution File, Format Version 12.00
# Visual Studio Version 17
VisualStudioVersion = 17.3.32922.545
MinimumVisualStudioVersion = 10.0.40219.1
Project("{FAE04EC0-301F-11D3-BF4B-00C04F79EFBC}") = "ConsoleApp31", "ConsoleApp31\ConsoleApp31.csproj", "{A9F0B041-EFCC-480A-81F8-68F9C5E8A683}"
EndProject
Global
	GlobalSection(SolutionConfigurationPlatforms) = preSolution
		Debug|Any CPU = Debug|Any CPU
		Release|Any CPU = Release|Any CPU
	EndGlobalSection
	GlobalSection(ProjectConfigurationPlatforms) = postSolution
		{A9F0B041-EFCC-480A-81F8-68F9C5E8A683}.Debug|Any CPU.ActiveCfg = Debug|Any CPU
		{A9F0B041-EFCC-480A-81F8-68F9C5E8A683}.Debug|Any CPU.Build.0 = Debug|Any CPU
		{A9F0B041-EFCC-480A-81F8-68F9C5E8A683}.Release|Any CPU.ActiveCfg = Release|Any CPU
		{A9F0B041-EFCC-480A-81F8-68F9C5E8A683}.Release|Any CPU.Build.0 = Release|Any CPU
	EndGlobalSection
	GlobalSection(SolutionProperties) = preSolution
		HideSolutionNode = FALSE
	EndGlobalSection
	GlobalSection(ExtensibilityGlobals) = postSolution
		SolutionGuid = {7166A1E1-A190-4FF9-A5BD-8AB6E534D14F}
	EndGlobalSection
EndGlobal
